
Microsoft Visual Studio Solution File, Format Version 12.00
# Visual Studio Version 16
VisualStudioVersion = 16.0.28803.352
MinimumVisualStudioVersion = 10.0.40219.1
Project("{9A19103F-16F7-4668-BE54-9A1E7A4F7556}") = "RayCasting", "RayCasting\RayCasting.csproj", "{94FFF0B1-F495-46B6-9EEE-DA943F6F2D93}"
EndProject
Project("{9A19103F-16F7-4668-BE54-9A1E7A4F7556}") = "RayCastingDemo", "RayCastingDemo\RayCastingDemo.csproj", "{F8EC5E2A-29F0-4B0C-8E5C-956F748D006D}"
EndProject
Project("{D954291E-2A0B-460D-934E-DC6B0785DB48}") = "MorphxLibs", "RayCasting\MorphxLibs\MorphxLibs.shproj", "{F92EE134-8CB3-455A-9160-841004898E8D}"
EndProject
Global
	GlobalSection(SharedMSBuildProjectFiles) = preSolution
		RayCasting\MorphxLibs\MorphxLibs.projitems*{94fff0b1-f495-46b6-9eee-da943f6f2d93}*SharedItemsImports = 5
		RayCasting\MorphxLibs\MorphxLibs.projitems*{f92ee134-8cb3-455a-9160-841004898e8d}*SharedItemsImports = 13
	EndGlobalSection
	GlobalSection(SolutionConfigurationPlatforms) = preSolution
		Debug|Any CPU = Debug|Any CPU
		Release|Any CPU = Release|Any CPU
	EndGlobalSection
	GlobalSection(ProjectConfigurationPlatforms) = postSolution
		{94FFF0B1-F495-46B6-9EEE-DA943F6F2D93}.Debug|Any CPU.ActiveCfg = Debug|Any CPU
		{94FFF0B1-F495-46B6-9EEE-DA943F6F2D93}.Debug|Any CPU.Build.0 = Debug|Any CPU
		{94FFF0B1-F495-46B6-9EEE-DA943F6F2D93}.Release|Any CPU.ActiveCfg = Release|Any CPU
		{94FFF0B1-F495-46B6-9EEE-DA943F6F2D93}.Release|Any CPU.Build.0 = Release|Any CPU
		{F8EC5E2A-29F0-4B0C-8E5C-956F748D006D}.Debug|Any CPU.ActiveCfg = Debug|Any CPU
		{F8EC5E2A-29F0-4B0C-8E5C-956F748D006D}.Debug|Any CPU.Build.0 = Debug|Any CPU
		{F8EC5E2A-29F0-4B0C-8E5C-956F748D006D}.Release|Any CPU.ActiveCfg = Release|Any CPU
		{F8EC5E2A-29F0-4B0C-8E5C-956F748D006D}.Release|Any CPU.Build.0 = Release|Any CPU
	EndGlobalSection
	GlobalSection(SolutionProperties) = preSolution
		HideSolutionNode = FALSE
	EndGlobalSection
	GlobalSection(ExtensibilityGlobals) = postSolution
		SolutionGuid = {AD438C1E-2BE2-472D-98F0-EF153D91AC97}
	EndGlobalSection
EndGlobal
